github.com/gorilla/websocket v1.5.3 h1:saDtZ6Pbx/0u+bgYQ3q96pZgCzfhKXGPqt7kZ72aNNg=
github.com/gorilla/websocket v1.5.3/go.mod h1:YR8l580nyteQvAITg2hZ9XVh4b55+EU/adAjf1fMHhE=
github.com/robfig/cron/v3 v3.0.1 h1:WdRxkvbJztn8LMz/QEvLN5sBU+xKpSqwwUO1Pjr4qDs=
github.com/robfig/cron/v3 v3.0.1/go.mod h1:eQICP3HwyT7UooqI/z+Ov+PtYAWygg1TEWWzGIFLtro=
github.com/xww2652008969/wbot v0.0.0-20250206124846-1db90bf3c332 h1:LdnKiO+t9F+bjT2f2PURQUVe6BJJfMEDZmjOm/g6MZY=
github.com/xww2652008969/wbot v0.0.0-20250206124846-1db90bf3c332/go.mod h1:NLkQb8PHvdyJ9mnAYymZ1c1oZExuqry0W+Rsb4t5/qA=
github.com/xww2652008969/wbot v1.0.0 h1:CR3bklKAIi4h0yCR9M5igi1cx32B99y+1DqIu3JUshU=
github.com/xww2652008969/wbot v1.0.0/go.mod h1:NLkQb8PHvdyJ9mnAYymZ1c1oZExuqry0W+Rsb4t5/qA=
github.com/xww2652008969/wbot v1.0.1 h1:9Sv/27vjCtI1AcKVFHxTcKKDaoBMtXolQ3mqyT+YNLA=
github.com/xww2652008969/wbot v1.0.1/go.mod h1:NLkQb8PHvdyJ9mnAYymZ1c1oZExuqry0W+Rsb4t5/qA=
github.com/xww2652008969/wbot v1.1.0 h1:xDkz2wBrRSiqhN8Jl7wnj1cGVvKaprRpKSsStL8niSg=
github.com/xww2652008969/wbot v1.1.0/go.mod h1:NLkQb8PHvdyJ9mnAYymZ1c1oZExuqry0W+Rsb4t5/qA=
github.com/xww2652008969/wbot v1.1.1 h1:BcEofvEJNmi8FWUgNXIaj+nuK/tMo3urcsqUi62PNI4=
github.com/xww2652008969/wbot v1.1.1/go.mod h1:NLkQb8PHvdyJ9mnAYymZ1c1oZExuqry0W+Rsb4t5/qA=
github.com/xww2652008969/wbot v1.1.2 h1:JJRgs7lDKy/3CNotP9g00O9rEUMWwNNP4CzJ3S9cDaQ=
github.com/xww2652008969/wbot v1.1.2/go.mod h1:NLkQb8PHvdyJ9mnAYymZ1c1oZExuqry0W+Rsb4t5/qA=
github.com/xww2652008969/wbot v1.1.3 h1:R3zKFnvFM6gp6qyFEamp6tO80Op+LliRX3xQnj32shE=
github.com/xww2652008969/wbot v1.1.3/go.mod h1:NLkQb8PHvdyJ9mnAYymZ1c1oZExuqry0W+Rsb4t5/qA=
